// !$*UTF8*$!
{
	archiveVersion = 1;
	classes = {
	};
	objectVersion = 50;
	objects = {

/* Begin PBXBuildFile section */
		1929A75627306F3C00CB11C6 /* Main.storyboard in Resources */ = {isa = PBXBuildFile; fileRef = 1929A75427306F3C00CB11C6 /* Main.storyboard */; };
		1929A75727306F3C00CB11C6 /* LaunchScreen.storyboard in Resources */ = {isa = PBXBuildFile; fileRef = 1929A75527306F3C00CB11C6 /* LaunchScreen.storyboard */; };
		194A4208272DBEA300A6CD98 /* AppDelegate.swift in Sources */ = {isa = PBXBuildFile; fileRef = 194A4207272DBEA300A6CD98 /* AppDelegate.swift */; };
		194A420C272DBEA300A6CD98 /* MainViewController.swift in Sources */ = {isa = PBXBuildFile; fileRef = 194A420B272DBEA300A6CD98 /* MainViewController.swift */; };
		194A4211272DBEA600A6CD98 /* Assets.xcassets in Resources */ = {isa = PBXBuildFile; fileRef = 194A4210272DBEA600A6CD98 /* Assets.xcassets */; };
		19B893AE272F1D2D000825E1 /* APIService.swift in Sources */ = {isa = PBXBuildFile; fileRef = 19B893AD272F1D2D000825E1 /* APIService.swift */; };
		19B893B1272F1E49000825E1 /* Model.swift in Sources */ = {isa = PBXBuildFile; fileRef = 19B893B0272F1E49000825E1 /* Model.swift */; };
		19B893B3272F1EBD000825E1 /* ImageService.swift in Sources */ = {isa = PBXBuildFile; fileRef = 19B893B2272F1EBD000825E1 /* ImageService.swift */; };
		19B893B5272F2377000825E1 /* WorkerTableViewCell.swift in Sources */ = {isa = PBXBuildFile; fileRef = 19B893B4272F2377000825E1 /* WorkerTableViewCell.swift */; };
		19B893B7272F254B000825E1 /* UITableView+Extension.swift in Sources */ = {isa = PBXBuildFile; fileRef = 19B893B6272F254B000825E1 /* UITableView+Extension.swift */; };
		19B893BA272F259D000825E1 /* UITableViewCell+Extension.swift in Sources */ = {isa = PBXBuildFile; fileRef = 19B893B9272F259D000825E1 /* UITableViewCell+Extension.swift */; };
		19B893BB272F314C000825E1 /* WorkerTableViewCell.swift in Resources */ = {isa = PBXBuildFile; fileRef = 19B893B4272F2377000825E1 /* WorkerTableViewCell.swift */; };
		19B893BD272F47C5000825E1 /* SceneDelegate.swift in Sources */ = {isa = PBXBuildFile; fileRef = 19B893BC272F47C5000825E1 /* SceneDelegate.swift */; };
		19CBED3C27383B1D0015DA7F /* TapBarCollectionViewCell.swift in Sources */ = {isa = PBXBuildFile; fileRef = 19CBED3B27383B1D0015DA7F /* TapBarCollectionViewCell.swift */; };
/* End PBXBuildFile section */

/* Begin PBXFileReference section */
		1929A75427306F3C00CB11C6 /* Main.storyboard */ = {isa = PBXFileReference; fileEncoding = 4; lastKnownFileType = file.storyboard; path = Main.storyboard; sourceTree = "<group>"; };
		1929A75527306F3C00CB11C6 /* LaunchScreen.storyboard */ = {isa = PBXFileReference; fileEncoding = 4; lastKnownFileType = file.storyboard; path = LaunchScreen.storyboard; sourceTree = "<group>"; };
		194A4204272DBEA300A6CD98 /* WorkersList.app */ = {isa = PBXFileReference; explicitFileType = wrapper.application; includeInIndex = 0; path = WorkersList.app; sourceTree = BUILT_PRODUCTS_DIR; };
		194A4207272DBEA300A6CD98 /* AppDelegate.swift */ = {isa = PBXFileReference; lastKnownFileType = sourcecode.swift; path = AppDelegate.swift; sourceTree = "<group>"; };
		194A420B272DBEA300A6CD98 /* MainViewController.swift */ = {isa = PBXFileReference; lastKnownFileType = sourcecode.swift; path = MainViewController.swift; sourceTree = "<group>"; };
		194A4210272DBEA600A6CD98 /* Assets.xcassets */ = {isa = PBXFileReference; lastKnownFileType = folder.assetcatalog; path = Assets.xcassets; sourceTree = "<group>"; };
		194A4215272DBEA600A6CD98 /* Info.plist */ = {isa = PBXFileReference; lastKnownFileType = text.plist.xml; path = Info.plist; sourceTree = "<group>"; };
		19B893AD272F1D2D000825E1 /* APIService.swift */ = {isa = PBXFileReference; lastKnownFileType = sourcecode.swift; path = APIService.swift; sourceTree = "<group>"; };
		19B893B0272F1E49000825E1 /* Model.swift */ = {isa = PBXFileReference; lastKnownFileType = sourcecode.swift; path = Model.swift; sourceTree = "<group>"; };
		19B893B2272F1EBD000825E1 /* ImageService.swift */ = {isa = PBXFileReference; lastKnownFileType = sourcecode.swift; path = ImageService.swift; sourceTree = "<group>"; };
		19B893B4272F2377000825E1 /* WorkerTableViewCell.swift */ = {isa = PBXFileReference; lastKnownFileType = sourcecode.swift; name = WorkerTableViewCell.swift; path = WorkersList/PresentationLayer/WorkerTableViewCell.swift; sourceTree = SOURCE_ROOT; };
		19B893B6272F254B000825E1 /* UITableView+Extension.swift */ = {isa = PBXFileReference; lastKnownFileType = sourcecode.swift; path = "UITableView+Extension.swift"; sourceTree = "<group>"; };
		19B893B9272F259D000825E1 /* UITableViewCell+Extension.swift */ = {isa = PBXFileReference; lastKnownFileType = sourcecode.swift; path = "UITableViewCell+Extension.swift"; sourceTree = "<group>"; };
		19B893BC272F47C5000825E1 /* SceneDelegate.swift */ = {isa = PBXFileReference; fileEncoding = 4; lastKnownFileType = sourcecode.swift; path = SceneDelegate.swift; sourceTree = "<group>"; };
		19CBED3B27383B1D0015DA7F /* TapBarCollectionViewCell.swift */ = {isa = PBXFileReference; lastKnownFileType = sourcecode.swift; path = TapBarCollectionViewCell.swift; sourceTree = "<group>"; };
/* End PBXFileReference section */

/* Begin PBXFrameworksBuildPhase section */
		194A4201272DBEA300A6CD98 /* Frameworks */ = {
			isa = PBXFrameworksBuildPhase;
			buildActionMask = 2147483647;
			files = (
			);
			runOnlyForDeploymentPostprocessing = 0;
		};
/* End PBXFrameworksBuildPhase section */

/* Begin PBXGroup section */
		194A41FB272DBEA300A6CD98 = {
			isa = PBXGroup;
			children = (
				194A4206272DBEA300A6CD98 /* WorkersList */,
				194A4205272DBEA300A6CD98 /* Products */,
			);
			sourceTree = "<group>";
		};
		194A4205272DBEA300A6CD98 /* Products */ = {
			isa = PBXGroup;
			children = (
				194A4204272DBEA300A6CD98 /* WorkersList.app */,
			);
			name = Products;
			sourceTree = "<group>";
		};
		194A4206272DBEA300A6CD98 /* WorkersList */ = {
			isa = PBXGroup;
			children = (
				19B893AA272F1C09000825E1 /* ApplicationLayer */,
				19B893A9272F1BBD000825E1 /* PresentationLayer */,
				19B893AF272F1D39000825E1 /* BusinessLayer */,
				19B893AB272F1C30000825E1 /* Resources */,
				19B893AC272F1C3D000825E1 /* SupportingFiles */,
				19B893B8272F2557000825E1 /* Extensions */,
			);
			path = WorkersList;
			sourceTree = "<group>";
		};
		19B893A9272F1BBD000825E1 /* PresentationLayer */ = {
			isa = PBXGroup;
			children = (
				1929A75527306F3C00CB11C6 /* LaunchScreen.storyboard */,
				1929A75427306F3C00CB11C6 /* Main.storyboard */,
				194A420B272DBEA300A6CD98 /* MainViewController.swift */,
				19B893B4272F2377000825E1 /* WorkerTableViewCell.swift */,
				19CBED3B27383B1D0015DA7F /* TapBarCollectionViewCell.swift */,
			);
			path = PresentationLayer;
			sourceTree = "<group>";
		};
		19B893AA272F1C09000825E1 /* ApplicationLayer */ = {
			isa = PBXGroup;
			children = (
				194A4207272DBEA300A6CD98 /* AppDelegate.swift */,
				19B893BC272F47C5000825E1 /* SceneDelegate.swift */,
			);
			path = ApplicationLayer;
			sourceTree = "<group>";
		};
		19B893AB272F1C30000825E1 /* Resources */ = {
			isa = PBXGroup;
			children = (
				194A4210272DBEA600A6CD98 /* Assets.xcassets */,
			);
			path = Resources;
			sourceTree = "<group>";
		};
		19B893AC272F1C3D000825E1 /* SupportingFiles */ = {
			isa = PBXGroup;
			children = (
				194A4215272DBEA600A6CD98 /* Info.plist */,
			);
			path = SupportingFiles;
			sourceTree = "<group>";
		};
		19B893AF272F1D39000825E1 /* BusinessLayer */ = {
			isa = PBXGroup;
			children = (
				19B893AD272F1D2D000825E1 /* APIService.swift */,
				19B893B0272F1E49000825E1 /* Model.swift */,
				19B893B2272F1EBD000825E1 /* ImageService.swift */,
			);
			path = BusinessLayer;
			sourceTree = "<group>";
		};
		19B893B8272F2557000825E1 /* Extensions */ = {
			isa = PBXGroup;
			children = (
				19B893B6272F254B000825E1 /* UITableView+Extension.swift */,
				19B893B9272F259D000825E1 /* UITableViewCell+Extension.swift */,
			);
			path = Extensions;
			sourceTree = "<group>";
		};
/* End PBXGroup section */

/* Begin PBXNativeTarget section */
		194A4203272DBEA300A6CD98 /* WorkersList */ = {
			isa = PBXNativeTarget;
			buildConfigurationList = 194A4218272DBEA600A6CD98 /* Build configuration list for PBXNativeTarget "WorkersList" */;
			buildPhases = (
				194A4200272DBEA300A6CD98 /* Sources */,
				194A4201272DBEA300A6CD98 /* Frameworks */,
				194A4202272DBEA300A6CD98 /* Resources */,
			);
			buildRules = (
			);
			dependencies = (
			);
			name = WorkersList;
			productName = WorkersList;
			productReference = 194A4204272DBEA300A6CD98 /* WorkersList.app */;
			productType = "com.apple.product-type.application";
		};
/* End PBXNativeTarget section */

/* Begin PBXProject section */
		194A41FC272DBEA300A6CD98 /* Project object */ = {
			isa = PBXProject;
			attributes = {
				LastSwiftUpdateCheck = 1250;
				LastUpgradeCheck = 1250;
				TargetAttributes = {
					194A4203272DBEA300A6CD98 = {
						CreatedOnToolsVersion = 12.5;
					};
				};
			};
			buildConfigurationList = 194A41FF272DBEA300A6CD98 /* Build configuration list for PBXProject "WorkersList" */;
			compatibilityVersion = "Xcode 9.3";
			developmentRegion = en;
			hasScannedForEncodings = 0;
			knownRegions = (
				en,
				Base,
			);
			mainGroup = 194A41FB272DBEA300A6CD98;
			productRefGroup = 194A4205272DBEA300A6CD98 /* Products */;
			projectDirPath = "";
			projectRoot = "";
			targets = (
				194A4203272DBEA300A6CD98 /* WorkersList */,
			);
		};
/* End PBXProject section */

/* Begin PBXResourcesBuildPhase section */
		194A4202272DBEA300A6CD98 /* Resources */ = {
			isa = PBXResourcesBuildPhase;
			buildActionMask = 2147483647;
			files = (
				1929A75627306F3C00CB11C6 /* Main.storyboard in Resources */,
				1929A75727306F3C00CB11C6 /* LaunchScreen.storyboard in Resources */,
				19B893BB272F314C000825E1 /* WorkerTableViewCell.swift in Resources */,
				194A4211272DBEA600A6CD98 /* Assets.xcassets in Resources */,
			);
			runOnlyForDeploymentPostprocessing = 0;
		};
/* End PBXResourcesBuildPhase section */

/* Begin PBXSourcesBuildPhase section */
		194A4200272DBEA300A6CD98 /* Sources */ = {
			isa = PBXSourcesBuildPhase;
			buildActionMask = 2147483647;
			files = (
				19B893B1272F1E49000825E1 /* Model.swift in Sources */,
				194A420C272DBEA300A6CD98 /* MainViewController.swift in Sources */,
				19B893BD272F47C5000825E1 /* SceneDelegate.swift in Sources */,
				194A4208272DBEA300A6CD98 /* AppDelegate.swift in Sources */,
				19B893AE272F1D2D000825E1 /* APIService.swift in Sources */,
				19B893BA272F259D000825E1 /* UITableViewCell+Extension.swift in Sources */,
				19B893B5272F2377000825E1 /* WorkerTableViewCell.swift in Sources */,
				19B893B3272F1EBD000825E1 /* ImageService.swift in Sources */,
				19CBED3C27383B1D0015DA7F /* TapBarCollectionViewCell.swift in Sources */,
				19B893B7272F254B000825E1 /* UITableView+Extension.swift in Sources */,
			);
			runOnlyForDeploymentPostprocessing = 0;
		};
/* End PBXSourcesBuildPhase section */

/* Begin XCBuildConfiguration section */
		194A4216272DBEA600A6CD98 /* Debug */ = {
			isa = XCBuildConfiguration;
			buildSettings = {
				ALWAYS_SEARCH_USER_PATHS = NO;
				CLANG_ANALYZER_NONNULL = YES;
				CLANG_ANALYZER_NUMBER_OBJECT_CONVERSION = YES_AGGRESSIVE;
				CLANG_CXX_LANGUAGE_STANDARD = "gnu++14";
				CLANG_CXX_LIBRARY = "libc++";
				CLANG_ENABLE_MODULES = YES;
				CLANG_ENABLE_OBJC_ARC = YES;
				CLANG_ENABLE_OBJC_WEAK = YES;
				CLANG_WARN_BLOCK_CAPTURE_AUTORELEASING = YES;
				CLANG_WARN_BOOL_CONVERSION = YES;
				CLANG_WARN_COMMA = YES;
				CLANG_WARN_CONSTANT_CONVERSION = YES;
				CLANG_WARN_DEPRECATED_OBJC_IMPLEMENTATIONS = YES;
				CLANG_WARN_DIRECT_OBJC_ISA_USAGE = YES_ERROR;
				CLANG_WARN_DOCUMENTATION_COMMENTS = YES;
				CLANG_WARN_EMPTY_BODY = YES;
				CLANG_WARN_ENUM_CONVERSION = YES;
				CLANG_WARN_INFINITE_RECURSION = YES;
				CLANG_WARN_INT_CONVERSION = YES;
				CLANG_WARN_NON_LITERAL_NULL_CONVERSION = YES;
				CLANG_WARN_OBJC_IMPLICIT_RETAIN_SELF = YES;
				CLANG_WARN_OBJC_LITERAL_CONVERSION = YES;
				CLANG_WARN_OBJC_ROOT_CLASS = YES_ERROR;
				CLANG_WARN_QUOTED_INCLUDE_IN_FRAMEWORK_HEADER = YES;
				CLANG_WARN_RANGE_LOOP_ANALYSIS = YES;
				CLANG_WARN_STRICT_PROTOTYPES = YES;
				CLANG_WARN_SUSPICIOUS_MOVE = YES;
				CLANG_WARN_UNGUARDED_AVAILABILITY = YES_AGGRESSIVE;
				CLANG_WARN_UNREACHABLE_CODE = YES;
				CLANG_WARN__DUPLICATE_METHOD_MATCH = YES;
				COPY_PHASE_STRIP = NO;
				DEBUG_INFORMATION_FORMAT = dwarf;
				ENABLE_STRICT_OBJC_MSGSEND = YES;
				ENABLE_TESTABILITY = YES;
				GCC_C_LANGUAGE_STANDARD = gnu11;
				GCC_DYNAMIC_NO_PIC = NO;
				GCC_NO_COMMON_BLOCKS = YES;
				GCC_OPTIMIZATION_LEVEL = 0;
				GCC_PREPROCESSOR_DEFINITIONS = (
					"DEBUG=1",
					"$(inherited)",
				);
				GCC_WARN_64_TO_32_BIT_CONVERSION = YES;
				GCC_WARN_ABOUT_RETURN_TYPE = YES_ERROR;
				GCC_WARN_UNDECLARED_SELECTOR = YES;
				GCC_WARN_UNINITIALIZED_AUTOS = YES_AGGRESSIVE;
				GCC_WARN_UNUSED_FUNCTION = YES;
				GCC_WARN_UNUSED_VARIABLE = YES;
				IPHONEOS_DEPLOYMENT_TARGET = 13.0;
				MTL_ENABLE_DEBUG_INFO = INCLUDE_SOURCE;
				MTL_FAST_MATH = YES;
				ONLY_ACTIVE_ARCH = YES;
				SDKROOT = iphoneos;
				SWIFT_ACTIVE_COMPILATION_CONDITIONS = DEBUG;
				SWIFT_OPTIMIZATION_LEVEL = "-Onone";
			};
			name = Debug;
		};
		194A4217272DBEA600A6CD98 /* Release */ = {
			isa = XCBuildConfiguration;
			buildSettings = {
				ALWAYS_SEARCH_USER_PATHS = NO;
				CLANG_ANALYZER_NONNULL = YES;
				CLANG_ANALYZER_NUMBER_OBJECT_CONVERSION = YES_AGGRESSIVE;
				CLANG_CXX_LANGUAGE_STANDARD = "gnu++14";
				CLANG_CXX_LIBRARY = "libc++";
				CLANG_ENABLE_MODULES = YES;
				CLANG_ENABLE_OBJC_ARC = YES;
				CLANG_ENABLE_OBJC_WEAK = YES;
				CLANG_WARN_BLOCK_CAPTURE_AUTORELEASING = YES;
				CLANG_WARN_BOOL_CONVERSION = YES;
				CLANG_WARN_COMMA = YES;
				CLANG_WARN_CONSTANT_CONVERSION = YES;
				CLANG_WARN_DEPRECATED_OBJC_IMPLEMENTATIONS = YES;
				CLANG_WARN_DIRECT_OBJC_ISA_USAGE = YES_ERROR;
				CLANG_WARN_DOCUMENTATION_COMMENTS = YES;
				CLANG_WARN_EMPTY_BODY = YES;
				CLANG_WARN_ENUM_CONVERSION = YES;
				CLANG_WARN_INFINITE_RECURSION = YES;
				CLANG_WARN_INT_CONVERSION = YES;
				CLANG_WARN_NON_LITERAL_NULL_CONVERSION = YES;
				CLANG_WARN_OBJC_IMPLICIT_RETAIN_SELF = YES;
				CLANG_WARN_OBJC_LITERAL_CONVERSION = YES;
				CLANG_WARN_OBJC_ROOT_CLASS = YES_ERROR;
				CLANG_WARN_QUOTED_INCLUDE_IN_FRAMEWORK_HEADER = YES;
				CLANG_WARN_RANGE_LOOP_ANALYSIS = YES;
				CLANG_WARN_STRICT_PROTOTYPES = YES;
				CLANG_WARN_SUSPICIOUS_MOVE = YES;
				CLANG_WARN_UNGUARDED_AVAILABILITY = YES_AGGRESSIVE;
				CLANG_WARN_UNREACHABLE_CODE = YES;
				CLANG_WARN__DUPLICATE_METHOD_MATCH = YES;
				COPY_PHASE_STRIP = NO;
				DEBUG_INFORMATION_FORMAT = "dwarf-with-dsym";
				ENABLE_NS_ASSERTIONS = NO;
				ENABLE_STRICT_OBJC_MSGSEND = YES;
				GCC_C_LANGUAGE_STANDARD = gnu11;
				GCC_NO_COMMON_BLOCKS = YES;
				GCC_WARN_64_TO_32_BIT_CONVERSION = YES;
				GCC_WARN_ABOUT_RETURN_TYPE = YES_ERROR;
				GCC_WARN_UNDECLARED_SELECTOR = YES;
				GCC_WARN_UNINITIALIZED_AUTOS = YES_AGGRESSIVE;
				GCC_WARN_UNUSED_FUNCTION = YES;
				GCC_WARN_UNUSED_VARIABLE = YES;
				IPHONEOS_DEPLOYMENT_TARGET = 13.0;
				MTL_ENABLE_DEBUG_INFO = NO;
				MTL_FAST_MATH = YES;
				SDKROOT = iphoneos;
				SWIFT_COMPILATION_MODE = wholemodule;
				SWIFT_OPTIMIZATION_LEVEL = "-O";
				VALIDATE_PRODUCT = YES;
			};
			name = Release;
		};
		194A4219272DBEA600A6CD98 /* Debug */ = {
			isa = XCBuildConfiguration;
			buildSettings = {
				ASSETCATALOG_COMPILER_APPICON_NAME = AppIcon;
				ASSETCATALOG_COMPILER_GLOBAL_ACCENT_COLOR_NAME = AccentColor;
				CODE_SIGN_STYLE = Automatic;
				DEVELOPMENT_TEAM = LTYW28W757;
				INFOPLIST_FILE = WorkersList/SupportingFiles/Info.plist;
				IPHONEOS_DEPLOYMENT_TARGET = 13.0;
				LD_RUNPATH_SEARCH_PATHS = (
					"$(inherited)",
					"@executable_path/Frameworks",
				);
				PRODUCT_BUNDLE_IDENTIFIER = Company.WorkersList;
				PRODUCT_NAME = "$(TARGET_NAME)";
				SWIFT_VERSION = 5.0;
				TARGETED_DEVICE_FAMILY = 1;
			};
			name = Debug;
		};
		194A421A272DBEA600A6CD98 /* Release */ = {
			isa = XCBuildConfiguration;
			buildSettings = {
				ASSETCATALOG_COMPILER_APPICON_NAME = AppIcon;
				ASSETCATALOG_COMPILER_GLOBAL_ACCENT_COLOR_NAME = AccentColor;
				CODE_SIGN_STYLE = Automatic;
				DEVELOPMENT_TEAM = LTYW28W757;
				INFOPLIST_FILE = WorkersList/SupportingFiles/Info.plist;
				IPHONEOS_DEPLOYMENT_TARGET = 13.0;
				LD_RUNPATH_SEARCH_PATHS = (
					"$(inherited)",
					"@executable_path/Frameworks",
				);
				PRODUCT_BUNDLE_IDENTIFIER = Company.WorkersList;
				PRODUCT_NAME = "$(TARGET_NAME)";
				SWIFT_VERSION = 5.0;
				TARGETED_DEVICE_FAMILY = 1;
			};
			name = Release;
		};
/* End XCBuildConfiguration section */

/* Begin XCConfigurationList section */
		194A41FF272DBEA300A6CD98 /* Build configuration list for PBXProject "WorkersList" */ = {
			isa = XCConfigurationList;
			buildConfigurations = (
				194A4216272DBEA600A6CD98 /* Debug */,
				194A4217272DBEA600A6CD98 /* Release */,
			);
			defaultConfigurationIsVisible = 0;
			defaultConfigurationName = Release;
		};
		194A4218272DBEA600A6CD98 /* Build configuration list for PBXNativeTarget "WorkersList" */ = {
			isa = XCConfigurationList;
			buildConfigurations = (
				194A4219272DBEA600A6CD98 /* Debug */,
				194A421A272DBEA600A6CD98 /* Release */,
			);
			defaultConfigurationIsVisible = 0;
			defaultConfigurationName = Release;
		};
/* End XCConfigurationList section */
	};
	rootObject = 194A41FC272DBEA300A6CD98 /* Project object */;
}
